// !$*UTF8*$!
{
	archiveVersion = 1;
	classes = {
	};
	objectVersion = 53;
	objects = {

/* Begin PBXBuildFile section */
		B6A8418D24904C1100F0225B /* AppDelegate.swift in Sources */ = {isa = PBXBuildFile; fileRef = B6A8418C24904C1100F0225B /* AppDelegate.swift */; };
		B6A8418F24904C1100F0225B /* ViewController.swift in Sources */ = {isa = PBXBuildFile; fileRef = B6A8418E24904C1100F0225B /* ViewController.swift */; };
		B6A8419124904C1300F0225B /* Assets.xcassets in Resources */ = {isa = PBXBuildFile; fileRef = B6A8419024904C1300F0225B /* Assets.xcassets */; };
		B6A8419424904C1300F0225B /* Main.storyboard in Resources */ = {isa = PBXBuildFile; fileRef = B6A8419224904C1300F0225B /* Main.storyboard */; };
		B6A841A024904C1300F0225B /* PodcastTests.swift in Sources */ = {isa = PBXBuildFile; fileRef = B6A8419F24904C1300F0225B /* PodcastTests.swift */; };
		B6A841AB24904C1300F0225B /* PodcastUITests.swift in Sources */ = {isa = PBXBuildFile; fileRef = B6A841AA24904C1300F0225B /* PodcastUITests.swift */; };
/* End PBXBuildFile section */

/* Begin PBXContainerItemProxy section */
		B6A8419C24904C1300F0225B /* PBXContainerItemProxy */ = {
			isa = PBXContainerItemProxy;
			containerPortal = B6A8418124904C1000F0225B /* Project object */;
			proxyType = 1;
			remoteGlobalIDString = B6A8418824904C1000F0225B;
			remoteInfo = Podcast;
		};
		B6A841A724904C1300F0225B /* PBXContainerItemProxy */ = {
			isa = PBXContainerItemProxy;
			containerPortal = B6A8418124904C1000F0225B /* Project object */;
			proxyType = 1;
			remoteGlobalIDString = B6A8418824904C1000F0225B;
			remoteInfo = Podcast;
		};
/* End PBXContainerItemProxy section */

/* Begin PBXFileReference section */
		B6A8418924904C1100F0225B /* Podcast.app */ = {isa = PBXFileReference; explicitFileType = wrapper.application; includeInIndex = 0; path = Podcast.app; sourceTree = BUILT_PRODUCTS_DIR; };
		B6A8418C24904C1100F0225B /* AppDelegate.swift */ = {isa = PBXFileReference; lastKnownFileType = sourcecode.swift; path = AppDelegate.swift; sourceTree = "<group>"; };
		B6A8418E24904C1100F0225B /* ViewController.swift */ = {isa = PBXFileReference; lastKnownFileType = sourcecode.swift; path = ViewController.swift; sourceTree = "<group>"; };
		B6A8419024904C1300F0225B /* Assets.xcassets */ = {isa = PBXFileReference; lastKnownFileType = folder.assetcatalog; path = Assets.xcassets; sourceTree = "<group>"; };
		B6A8419324904C1300F0225B /* Base */ = {isa = PBXFileReference; lastKnownFileType = file.storyboard; name = Base; path = Base.lproj/Main.storyboard; sourceTree = "<group>"; };
		B6A8419524904C1300F0225B /* Info.plist */ = {isa = PBXFileReference; lastKnownFileType = text.plist.xml; path = Info.plist; sourceTree = "<group>"; };
		B6A8419624904C1300F0225B /* Podcast.entitlements */ = {isa = PBXFileReference; lastKnownFileType = text.plist.entitlements; path = Podcast.entitlements; sourceTree = "<group>"; };
		B6A8419B24904C1300F0225B /* PodcastTests.xctest */ = {isa = PBXFileReference; explicitFileType = wrapper.cfbundle; includeInIndex = 0; path = PodcastTests.xctest; sourceTree = BUILT_PRODUCTS_DIR; };
		B6A8419F24904C1300F0225B /* PodcastTests.swift */ = {isa = PBXFileReference; lastKnownFileType = sourcecode.swift; path = PodcastTests.swift; sourceTree = "<group>"; };
		B6A841A124904C1300F0225B /* Info.plist */ = {isa = PBXFileReference; lastKnownFileType = text.plist.xml; path = Info.plist; sourceTree = "<group>"; };
		B6A841A624904C1300F0225B /* PodcastUITests.xctest */ = {isa = PBXFileReference; explicitFileType = wrapper.cfbundle; includeInIndex = 0; path = PodcastUITests.xctest; sourceTree = BUILT_PRODUCTS_DIR; };
		B6A841AA24904C1300F0225B /* PodcastUITests.swift */ = {isa = PBXFileReference; lastKnownFileType = sourcecode.swift; path = PodcastUITests.swift; sourceTree = "<group>"; };
		B6A841AC24904C1300F0225B /* Info.plist */ = {isa = PBXFileReference; lastKnownFileType = text.plist.xml; path = Info.plist; sourceTree = "<group>"; };
/* End PBXFileReference section */

/* Begin PBXFrameworksBuildPhase section */
		B6A8418624904C1000F0225B /* Frameworks */ = {
			isa = PBXFrameworksBuildPhase;
			buildActionMask = 2147483647;
			files = (
			);
			runOnlyForDeploymentPostprocessing = 0;
		};
		B6A8419824904C1300F0225B /* Frameworks */ = {
			isa = PBXFrameworksBuildPhase;
			buildActionMask = 2147483647;
			files = (
			);
			runOnlyForDeploymentPostprocessing = 0;
		};
		B6A841A324904C1300F0225B /* Frameworks */ = {
			isa = PBXFrameworksBuildPhase;
			buildActionMask = 2147483647;
			files = (
			);
			runOnlyForDeploymentPostprocessing = 0;
		};
/* End PBXFrameworksBuildPhase section */

/* Begin PBXGroup section */
		B6A8418024904C1000F0225B = {
			isa = PBXGroup;
			children = (
				B6A8418B24904C1100F0225B /* Podcast */,
				B6A8419E24904C1300F0225B /* PodcastTests */,
				B6A841A924904C1300F0225B /* PodcastUITests */,
				B6A8418A24904C1100F0225B /* Products */,
			);
			sourceTree = "<group>";
			usesTabs = 1;
		};
		B6A8418A24904C1100F0225B /* Products */ = {
			isa = PBXGroup;
			children = (
				B6A8418924904C1100F0225B /* Podcast.app */,
				B6A8419B24904C1300F0225B /* PodcastTests.xctest */,
				B6A841A624904C1300F0225B /* PodcastUITests.xctest */,
			);
			name = Products;
			sourceTree = "<group>";
		};
		B6A8418B24904C1100F0225B /* Podcast */ = {
			isa = PBXGroup;
			children = (
				B6A8418C24904C1100F0225B /* AppDelegate.swift */,
				B6A8418E24904C1100F0225B /* ViewController.swift */,
				B6A8419024904C1300F0225B /* Assets.xcassets */,
				B6A8419224904C1300F0225B /* Main.storyboard */,
				B6A8419524904C1300F0225B /* Info.plist */,
				B6A8419624904C1300F0225B /* Podcast.entitlements */,
			);
			path = Podcast;
			sourceTree = "<group>";
		};
		B6A8419E24904C1300F0225B /* PodcastTests */ = {
			isa = PBXGroup;
			children = (
				B6A8419F24904C1300F0225B /* PodcastTests.swift */,
				B6A841A124904C1300F0225B /* Info.plist */,
			);
			path = PodcastTests;
			sourceTree = "<group>";
		};
		B6A841A924904C1300F0225B /* PodcastUITests */ = {
			isa = PBXGroup;
			children = (
				B6A841AA24904C1300F0225B /* PodcastUITests.swift */,
				B6A841AC24904C1300F0225B /* Info.plist */,
			);
			path = PodcastUITests;
			sourceTree = "<group>";
		};
/* End PBXGroup section */

/* Begin PBXNativeTarget section */
		B6A8418824904C1000F0225B /* Podcast */ = {
			isa = PBXNativeTarget;
			buildConfigurationList = B6A841AF24904C1300F0225B /* Build configuration list for PBXNativeTarget "Podcast" */;
			buildPhases = (
				B6A8418524904C1000F0225B /* Sources */,
				B6A8418624904C1000F0225B /* Frameworks */,
				B6A8418724904C1000F0225B /* Resources */,
			);
			buildRules = (
			);
			dependencies = (
			);
			name = Podcast;
			productName = Podcast;
			productReference = B6A8418924904C1100F0225B /* Podcast.app */;
			productType = "com.apple.product-type.application";
		};
		B6A8419A24904C1300F0225B /* PodcastTests */ = {
			isa = PBXNativeTarget;
			buildConfigurationList = B6A841B224904C1300F0225B /* Build configuration list for PBXNativeTarget "PodcastTests" */;
			buildPhases = (
				B6A8419724904C1300F0225B /* Sources */,
				B6A8419824904C1300F0225B /* Frameworks */,
				B6A8419924904C1300F0225B /* Resources */,
			);
			buildRules = (
			);
			dependencies = (
				B6A8419D24904C1300F0225B /* PBXTargetDependency */,
			);
			name = PodcastTests;
			productName = PodcastTests;
			productReference = B6A8419B24904C1300F0225B /* PodcastTests.xctest */;
			productType = "com.apple.product-type.bundle.unit-test";
		};
		B6A841A524904C1300F0225B /* PodcastUITests */ = {
			isa = PBXNativeTarget;
			buildConfigurationList = B6A841B524904C1300F0225B /* Build configuration list for PBXNativeTarget "PodcastUITests" */;
			buildPhases = (
				B6A841A224904C1300F0225B /* Sources */,
				B6A841A324904C1300F0225B /* Frameworks */,
				B6A841A424904C1300F0225B /* Resources */,
			);
			buildRules = (
			);
			dependencies = (
				B6A841A824904C1300F0225B /* PBXTargetDependency */,
			);
			name = PodcastUITests;
			productName = PodcastUITests;
			productReference = B6A841A624904C1300F0225B /* PodcastUITests.xctest */;
			productType = "com.apple.product-type.bundle.ui-testing";
		};
/* End PBXNativeTarget section */

/* Begin PBXProject section */
		B6A8418124904C1000F0225B /* Project object */ = {
			isa = PBXProject;
			attributes = {
				LastSwiftUpdateCheck = 1150;
				LastUpgradeCheck = 1150;
				ORGANIZATIONNAME = opussf;
				TargetAttributes = {
					B6A8418824904C1000F0225B = {
						CreatedOnToolsVersion = 11.5;
					};
					B6A8419A24904C1300F0225B = {
						CreatedOnToolsVersion = 11.5;
						TestTargetID = B6A8418824904C1000F0225B;
					};
					B6A841A524904C1300F0225B = {
						CreatedOnToolsVersion = 11.5;
						TestTargetID = B6A8418824904C1000F0225B;
					};
				};
			};
			buildConfigurationList = B6A8418424904C1000F0225B /* Build configuration list for PBXProject "Podcast" */;
			compatibilityVersion = "Xcode 11.4";
			developmentRegion = en;
			hasScannedForEncodings = 0;
			knownRegions = (
				en,
				Base,
			);
			mainGroup = B6A8418024904C1000F0225B;
			productRefGroup = B6A8418A24904C1100F0225B /* Products */;
			projectDirPath = "";
			projectRoot = "";
			targets = (
				B6A8418824904C1000F0225B /* Podcast */,
				B6A8419A24904C1300F0225B /* PodcastTests */,
				B6A841A524904C1300F0225B /* PodcastUITests */,
			);
		};
/* End PBXProject section */

/* Begin PBXResourcesBuildPhase section */
		B6A8418724904C1000F0225B /* Resources */ = {
			isa = PBXResourcesBuildPhase;
			buildActionMask = 2147483647;
			files = (
				B6A8419124904C1300F0225B /* Assets.xcassets in Resources */,
				B6A8419424904C1300F0225B /* Main.storyboard in Resources */,
			);
			runOnlyForDeploymentPostprocessing = 0;
		};
		B6A8419924904C1300F0225B /* Resources */ = {
			isa = PBXResourcesBuildPhase;
			buildActionMask = 2147483647;
			files = (
			);
			runOnlyForDeploymentPostprocessing = 0;
		};
		B6A841A424904C1300F0225B /* Resources */ = {
			isa = PBXResourcesBuildPhase;
			buildActionMask = 2147483647;
			files = (
			);
			runOnlyForDeploymentPostprocessing = 0;
		};
/* End PBXResourcesBuildPhase section */

/* Begin PBXSourcesBuildPhase section */
		B6A8418524904C1000F0225B /* Sources */ = {
			isa = PBXSourcesBuildPhase;
			buildActionMask = 2147483647;
			files = (
				B6A8418F24904C1100F0225B /* ViewController.swift in Sources */,
				B6A8418D24904C1100F0225B /* AppDelegate.swift in Sources */,
			);
			runOnlyForDeploymentPostprocessing = 0;
		};
		B6A8419724904C1300F0225B /* Sources */ = {
			isa = PBXSourcesBuildPhase;
			buildActionMask = 2147483647;
			files = (
				B6A841A024904C1300F0225B /* PodcastTests.swift in Sources */,
			);
			runOnlyForDeploymentPostprocessing = 0;
		};
		B6A841A224904C1300F0225B /* Sources */ = {
			isa = PBXSourcesBuildPhase;
			buildActionMask = 2147483647;
			files = (
				B6A841AB24904C1300F0225B /* PodcastUITests.swift in Sources */,
			);
			runOnlyForDeploymentPostprocessing = 0;
		};
/* End PBXSourcesBuildPhase section */

/* Begin PBXTargetDependency section */
		B6A8419D24904C1300F0225B /* PBXTargetDependency */ = {
			isa = PBXTargetDependency;
			target = B6A8418824904C1000F0225B /* Podcast */;
			targetProxy = B6A8419C24904C1300F0225B /* PBXContainerItemProxy */;
		};
		B6A841A824904C1300F0225B /* PBXTargetDependency */ = {
			isa = PBXTargetDependency;
			target = B6A8418824904C1000F0225B /* Podcast */;
			targetProxy = B6A841A724904C1300F0225B /* PBXContainerItemProxy */;
		};
/* End PBXTargetDependency section */

/* Begin PBXVariantGroup section */
		B6A8419224904C1300F0225B /* Main.storyboard */ = {
			isa = PBXVariantGroup;
			children = (
				B6A8419324904C1300F0225B /* Base */,
			);
			name = Main.storyboard;
			sourceTree = "<group>";
		};
/* End PBXVariantGroup section */

/* Begin XCBuildConfiguration section */
		B6A841AD24904C1300F0225B /* Debug */ = {
			isa = XCBuildConfiguration;
			buildSettings = {
				ALWAYS_SEARCH_USER_PATHS = NO;
				CLANG_ANALYZER_NONNULL = YES;
				CLANG_ANALYZER_NUMBER_OBJECT_CONVERSION = YES_AGGRESSIVE;
				CLANG_CXX_LANGUAGE_STANDARD = "gnu++14";
				CLANG_CXX_LIBRARY = "libc++";
				CLANG_ENABLE_MODULES = YES;
				CLANG_ENABLE_OBJC_ARC = YES;
				CLANG_ENABLE_OBJC_WEAK = YES;
				CLANG_WARN_BLOCK_CAPTURE_AUTORELEASING = YES;
				CLANG_WARN_BOOL_CONVERSION = YES;
				CLANG_WARN_COMMA = YES;
				CLANG_WARN_CONSTANT_CONVERSION = YES;
				CLANG_WARN_DEPRECATED_OBJC_IMPLEMENTATIONS = YES;
				CLANG_WARN_DIRECT_OBJC_ISA_USAGE = YES_ERROR;
				CLANG_WARN_DOCUMENTATION_COMMENTS = YES;
				CLANG_WARN_EMPTY_BODY = YES;
				CLANG_WARN_ENUM_CONVERSION = YES;
				CLANG_WARN_INFINITE_RECURSION = YES;
				CLANG_WARN_INT_CONVERSION = YES;
				CLANG_WARN_NON_LITERAL_NULL_CONVERSION = YES;
				CLANG_WARN_OBJC_IMPLICIT_RETAIN_SELF = YES;
				CLANG_WARN_OBJC_LITERAL_CONVERSION = YES;
				CLANG_WARN_OBJC_ROOT_CLASS = YES_ERROR;
				CLANG_WARN_RANGE_LOOP_ANALYSIS = YES;
				CLANG_WARN_STRICT_PROTOTYPES = YES;
				CLANG_WARN_SUSPICIOUS_MOVE = YES;
				CLANG_WARN_UNGUARDED_AVAILABILITY = YES_AGGRESSIVE;
				CLANG_WARN_UNREACHABLE_CODE = YES;
				CLANG_WARN__DUPLICATE_METHOD_MATCH = YES;
				COPY_PHASE_STRIP = NO;
				DEBUG_INFORMATION_FORMAT = dwarf;
				ENABLE_STRICT_OBJC_MSGSEND = YES;
				ENABLE_TESTABILITY = YES;
				GCC_C_LANGUAGE_STANDARD = gnu11;
				GCC_DYNAMIC_NO_PIC = NO;
				GCC_NO_COMMON_BLOCKS = YES;
				GCC_OPTIMIZATION_LEVEL = 0;
				GCC_PREPROCESSOR_DEFINITIONS = (
					"DEBUG=1",
					"$(inherited)",
				);
				GCC_WARN_64_TO_32_BIT_CONVERSION = YES;
				GCC_WARN_ABOUT_RETURN_TYPE = YES_ERROR;
				GCC_WARN_UNDECLARED_SELECTOR = YES;
				GCC_WARN_UNINITIALIZED_AUTOS = YES_AGGRESSIVE;
				GCC_WARN_UNUSED_FUNCTION = YES;
				GCC_WARN_UNUSED_VARIABLE = YES;
				MACOSX_DEPLOYMENT_TARGET = 10.15;
				MTL_ENABLE_DEBUG_INFO = INCLUDE_SOURCE;
				MTL_FAST_MATH = YES;
				ONLY_ACTIVE_ARCH = YES;
				SDKROOT = macosx;
				SWIFT_ACTIVE_COMPILATION_CONDITIONS = DEBUG;
				SWIFT_OPTIMIZATION_LEVEL = "-Onone";
			};
			name = Debug;
		};
		B6A841AE24904C1300F0225B /* Release */ = {
			isa = XCBuildConfiguration;
			buildSettings = {
				ALWAYS_SEARCH_USER_PATHS = NO;
				CLANG_ANALYZER_NONNULL = YES;
				CLANG_ANALYZER_NUMBER_OBJECT_CONVERSION = YES_AGGRESSIVE;
				CLANG_CXX_LANGUAGE_STANDARD = "gnu++14";
				CLANG_CXX_LIBRARY = "libc++";
				CLANG_ENABLE_MODULES = YES;
				CLANG_ENABLE_OBJC_ARC = YES;
				CLANG_ENABLE_OBJC_WEAK = YES;
				CLANG_WARN_BLOCK_CAPTURE_AUTORELEASING = YES;
				CLANG_WARN_BOOL_CONVERSION = YES;
				CLANG_WARN_COMMA = YES;
				CLANG_WARN_CONSTANT_CONVERSION = YES;
				CLANG_WARN_DEPRECATED_OBJC_IMPLEMENTATIONS = YES;
				CLANG_WARN_DIRECT_OBJC_ISA_USAGE = YES_ERROR;
				CLANG_WARN_DOCUMENTATION_COMMENTS = YES;
				CLANG_WARN_EMPTY_BODY = YES;
				CLANG_WARN_ENUM_CONVERSION = YES;
				CLANG_WARN_INFINITE_RECURSION = YES;
				CLANG_WARN_INT_CONVERSION = YES;
				CLANG_WARN_NON_LITERAL_NULL_CONVERSION = YES;
				CLANG_WARN_OBJC_IMPLICIT_RETAIN_SELF = YES;
				CLANG_WARN_OBJC_LITERAL_CONVERSION = YES;
				CLANG_WARN_OBJC_ROOT_CLASS = YES_ERROR;
				CLANG_WARN_RANGE_LOOP_ANALYSIS = YES;
				CLANG_WARN_STRICT_PROTOTYPES = YES;
				CLANG_WARN_SUSPICIOUS_MOVE = YES;
				CLANG_WARN_UNGUARDED_AVAILABILITY = YES_AGGRESSIVE;
				CLANG_WARN_UNREACHABLE_CODE = YES;
				CLANG_WARN__DUPLICATE_METHOD_MATCH = YES;
				COPY_PHASE_STRIP = NO;
				DEBUG_INFORMATION_FORMAT = "dwarf-with-dsym";
				ENABLE_NS_ASSERTIONS = NO;
				ENABLE_STRICT_OBJC_MSGSEND = YES;
				GCC_C_LANGUAGE_STANDARD = gnu11;
				GCC_NO_COMMON_BLOCKS = YES;
				GCC_WARN_64_TO_32_BIT_CONVERSION = YES;
				GCC_WARN_ABOUT_RETURN_TYPE = YES_ERROR;
				GCC_WARN_UNDECLARED_SELECTOR = YES;
				GCC_WARN_UNINITIALIZED_AUTOS = YES_AGGRESSIVE;
				GCC_WARN_UNUSED_FUNCTION = YES;
				GCC_WARN_UNUSED_VARIABLE = YES;
				MACOSX_DEPLOYMENT_TARGET = 10.15;
				MTL_ENABLE_DEBUG_INFO = NO;
				MTL_FAST_MATH = YES;
				SDKROOT = macosx;
				SWIFT_COMPILATION_MODE = wholemodule;
				SWIFT_OPTIMIZATION_LEVEL = "-O";
			};
			name = Release;
		};
		B6A841B024904C1300F0225B /* Debug */ = {
			isa = XCBuildConfiguration;
			buildSettings = {
				ASSETCATALOG_COMPILER_APPICON_NAME = AppIcon;
				CODE_SIGN_ENTITLEMENTS = Podcast/Podcast.entitlements;
				CODE_SIGN_IDENTITY = "-";
				CODE_SIGN_STYLE = Automatic;
				COMBINE_HIDPI_IMAGES = YES;
				INFOPLIST_FILE = Podcast/Info.plist;
				LD_RUNPATH_SEARCH_PATHS = (
					"$(inherited)",
					"@executable_path/../Frameworks",
				);
				PRODUCT_BUNDLE_IDENTIFIER = "com.zz9-za.Podcast";
				PRODUCT_NAME = "$(TARGET_NAME)";
				SWIFT_VERSION = 5.0;
			};
			name = Debug;
		};
		B6A841B124904C1300F0225B /* Release */ = {
			isa = XCBuildConfiguration;
			buildSettings = {
				ASSETCATALOG_COMPILER_APPICON_NAME = AppIcon;
				CODE_SIGN_ENTITLEMENTS = Podcast/Podcast.entitlements;
				CODE_SIGN_IDENTITY = "-";
				CODE_SIGN_STYLE = Automatic;
				COMBINE_HIDPI_IMAGES = YES;
				INFOPLIST_FILE = Podcast/Info.plist;
				LD_RUNPATH_SEARCH_PATHS = (
					"$(inherited)",
					"@executable_path/../Frameworks",
				);
				PRODUCT_BUNDLE_IDENTIFIER = "com.zz9-za.Podcast";
				PRODUCT_NAME = "$(TARGET_NAME)";
				SWIFT_VERSION = 5.0;
			};
			name = Release;
		};
		B6A841B324904C1300F0225B /* Debug */ = {
			isa = XCBuildConfiguration;
			buildSettings = {
				ALWAYS_EMBED_SWIFT_STANDARD_LIBRARIES = YES;
				BUNDLE_LOADER = "$(TEST_HOST)";
				CODE_SIGN_STYLE = Automatic;
				COMBINE_HIDPI_IMAGES = YES;
				INFOPLIST_FILE = PodcastTests/Info.plist;
				LD_RUNPATH_SEARCH_PATHS = (
					"$(inherited)",
					"@executable_path/../Frameworks",
					"@loader_path/../Frameworks",
				);
				MACOSX_DEPLOYMENT_TARGET = 10.15;
				PRODUCT_BUNDLE_IDENTIFIER = "com.zz9-za.PodcastTests";
				PRODUCT_NAME = "$(TARGET_NAME)";
				SWIFT_VERSION = 5.0;
				TEST_HOST = "$(BUILT_PRODUCTS_DIR)/Podcast.app/Contents/MacOS/Podcast";
			};
			name = Debug;
		};
		B6A841B424904C1300F0225B /* Release */ = {
			isa = XCBuildConfiguration;
			buildSettings = {
				ALWAYS_EMBED_SWIFT_STANDARD_LIBRARIES = YES;
				BUNDLE_LOADER = "$(TEST_HOST)";
				CODE_SIGN_STYLE = Automatic;
				COMBINE_HIDPI_IMAGES = YES;
				INFOPLIST_FILE = PodcastTests/Info.plist;
				LD_RUNPATH_SEARCH_PATHS = (
					"$(inherited)",
					"@executable_path/../Frameworks",
					"@loader_path/../Frameworks",
				);
				MACOSX_DEPLOYMENT_TARGET = 10.15;
				PRODUCT_BUNDLE_IDENTIFIER = "com.zz9-za.PodcastTests";
				PRODUCT_NAME = "$(TARGET_NAME)";
				SWIFT_VERSION = 5.0;
				TEST_HOST = "$(BUILT_PRODUCTS_DIR)/Podcast.app/Contents/MacOS/Podcast";
			};
			name = Release;
		};
		B6A841B624904C1300F0225B /* Debug */ = {
			isa = XCBuildConfiguration;
			buildSettings = {
				ALWAYS_EMBED_SWIFT_STANDARD_LIBRARIES = YES;
				CODE_SIGN_STYLE = Automatic;
				COMBINE_HIDPI_IMAGES = YES;
				INFOPLIST_FILE = PodcastUITests/Info.plist;
				LD_RUNPATH_SEARCH_PATHS = (
					"$(inherited)",
					"@executable_path/../Frameworks",
					"@loader_path/../Frameworks",
				);
				PRODUCT_BUNDLE_IDENTIFIER = "com.zz9-za.PodcastUITests";
				PRODUCT_NAME = "$(TARGET_NAME)";
				SWIFT_VERSION = 5.0;
				TEST_TARGET_NAME = Podcast;
			};
			name = Debug;
		};
		B6A841B724904C1300F0225B /* Release */ = {
			isa = XCBuildConfiguration;
			buildSettings = {
				ALWAYS_EMBED_SWIFT_STANDARD_LIBRARIES = YES;
				CODE_SIGN_STYLE = Automatic;
				COMBINE_HIDPI_IMAGES = YES;
				INFOPLIST_FILE = PodcastUITests/Info.plist;
				LD_RUNPATH_SEARCH_PATHS = (
					"$(inherited)",
					"@executable_path/../Frameworks",
					"@loader_path/../Frameworks",
				);
				PRODUCT_BUNDLE_IDENTIFIER = "com.zz9-za.PodcastUITests";
				PRODUCT_NAME = "$(TARGET_NAME)";
				SWIFT_VERSION = 5.0;
				TEST_TARGET_NAME = Podcast;
			};
			name = Release;
		};
/* End XCBuildConfiguration section */

/* Begin XCConfigurationList section */
		B6A8418424904C1000F0225B /* Build configuration list for PBXProject "Podcast" */ = {
			isa = XCConfigurationList;
			buildConfigurations = (
				B6A841AD24904C1300F0225B /* Debug */,
				B6A841AE24904C1300F0225B /* Release */,
			);
			defaultConfigurationIsVisible = 0;
			defaultConfigurationName = Release;
		};
		B6A841AF24904C1300F0225B /* Build configuration list for PBXNativeTarget "Podcast" */ = {
			isa = XCConfigurationList;
			buildConfigurations = (
				B6A841B024904C1300F0225B /* Debug */,
				B6A841B124904C1300F0225B /* Release */,
			);
			defaultConfigurationIsVisible = 0;
			defaultConfigurationName = Release;
		};
		B6A841B224904C1300F0225B /* Build configuration list for PBXNativeTarget "PodcastTests" */ = {
			isa = XCConfigurationList;
			buildConfigurations = (
				B6A841B324904C1300F0225B /* Debug */,
				B6A841B424904C1300F0225B /* Release */,
			);
			defaultConfigurationIsVisible = 0;
			defaultConfigurationName = Release;
		};
		B6A841B524904C1300F0225B /* Build configuration list for PBXNativeTarget "PodcastUITests" */ = {
			isa = XCConfigurationList;
			buildConfigurations = (
				B6A841B624904C1300F0225B /* Debug */,
				B6A841B724904C1300F0225B /* Release */,
			);
			defaultConfigurationIsVisible = 0;
			defaultConfigurationName = Release;
		};
/* End XCConfigurationList section */
	};
	rootObject = B6A8418124904C1000F0225B /* Project object */;
}
